// !$*UTF8*$!
{
	archiveVersion = 1;
	classes = {
	};
	objectVersion = 46;
	objects = {

/* Begin PBXBuildFile section */
		1206C8A4D98578F5721004CD /* Pods_MangiTests.framework in Frameworks */ = {isa = PBXBuildFile; fileRef = BB9FE15E5076428582FF2BFA /* Pods_MangiTests.framework */; };
		46FC8DDB2B67BA1BC3591B34 /* Pods_Mangi.framework in Frameworks */ = {isa = PBXBuildFile; fileRef = 06FBDF934AB8476229F5CAD5 /* Pods_Mangi.framework */; };
		EA35321E1F8707040040AFAE /* AppDelegate.swift in Sources */ = {isa = PBXBuildFile; fileRef = EA35321D1F8707040040AFAE /* AppDelegate.swift */; };
		EA3532201F8707040040AFAE /* ViewController.swift in Sources */ = {isa = PBXBuildFile; fileRef = EA35321F1F8707040040AFAE /* ViewController.swift */; };
		EA3532231F8707040040AFAE /* Main.storyboard in Resources */ = {isa = PBXBuildFile; fileRef = EA3532211F8707040040AFAE /* Main.storyboard */; };
		EA3532251F8707040040AFAE /* Assets.xcassets in Resources */ = {isa = PBXBuildFile; fileRef = EA3532241F8707040040AFAE /* Assets.xcassets */; };
		EA3532281F8707040040AFAE /* LaunchScreen.storyboard in Resources */ = {isa = PBXBuildFile; fileRef = EA3532261F8707040040AFAE /* LaunchScreen.storyboard */; };
		EA3532331F8707040040AFAE /* MangiTests.swift in Sources */ = {isa = PBXBuildFile; fileRef = EA3532321F8707040040AFAE /* MangiTests.swift */; };
		EA35323E1F8709850040AFAE /* MangiAPI.swift in Sources */ = {isa = PBXBuildFile; fileRef = EA35323D1F8709850040AFAE /* MangiAPI.swift */; };
/* End PBXBuildFile section */

/* Begin PBXContainerItemProxy section */
		EA35322F1F8707040040AFAE /* PBXContainerItemProxy */ = {
			isa = PBXContainerItemProxy;
			containerPortal = EA3532121F8707040040AFAE /* Project object */;
			proxyType = 1;
			remoteGlobalIDString = EA3532191F8707040040AFAE;
			remoteInfo = Mangi;
		};
/* End PBXContainerItemProxy section */

/* Begin PBXFileReference section */
		06FBDF934AB8476229F5CAD5 /* Pods_Mangi.framework */ = {isa = PBXFileReference; explicitFileType = wrapper.framework; includeInIndex = 0; path = Pods_Mangi.framework; sourceTree = BUILT_PRODUCTS_DIR; };
		1FB0E4F5657FA6DC3F3396B5 /* Pods-MangiTests.release.xcconfig */ = {isa = PBXFileReference; includeInIndex = 1; lastKnownFileType = text.xcconfig; name = "Pods-MangiTests.release.xcconfig"; path = "Pods/Target Support Files/Pods-MangiTests/Pods-MangiTests.release.xcconfig"; sourceTree = "<group>"; };
		3B1BE426D180ACF5D4C34EF4 /* Pods-MangiTests.debug.xcconfig */ = {isa = PBXFileReference; includeInIndex = 1; lastKnownFileType = text.xcconfig; name = "Pods-MangiTests.debug.xcconfig"; path = "Pods/Target Support Files/Pods-MangiTests/Pods-MangiTests.debug.xcconfig"; sourceTree = "<group>"; };
		935E5F47092187B76139E6F7 /* Pods-Mangi.release.xcconfig */ = {isa = PBXFileReference; includeInIndex = 1; lastKnownFileType = text.xcconfig; name = "Pods-Mangi.release.xcconfig"; path = "Pods/Target Support Files/Pods-Mangi/Pods-Mangi.release.xcconfig"; sourceTree = "<group>"; };
		BB9FE15E5076428582FF2BFA /* Pods_MangiTests.framework */ = {isa = PBXFileReference; explicitFileType = wrapper.framework; includeInIndex = 0; path = Pods_MangiTests.framework; sourceTree = BUILT_PRODUCTS_DIR; };
		C4F4014B69812BD907C41934 /* Pods-Mangi.debug.xcconfig */ = {isa = PBXFileReference; includeInIndex = 1; lastKnownFileType = text.xcconfig; name = "Pods-Mangi.debug.xcconfig"; path = "Pods/Target Support Files/Pods-Mangi/Pods-Mangi.debug.xcconfig"; sourceTree = "<group>"; };
		EA35321A1F8707040040AFAE /* Mangi.app */ = {isa = PBXFileReference; explicitFileType = wrapper.application; includeInIndex = 0; path = Mangi.app; sourceTree = BUILT_PRODUCTS_DIR; };
		EA35321D1F8707040040AFAE /* AppDelegate.swift */ = {isa = PBXFileReference; lastKnownFileType = sourcecode.swift; path = AppDelegate.swift; sourceTree = "<group>"; };
		EA35321F1F8707040040AFAE /* ViewController.swift */ = {isa = PBXFileReference; lastKnownFileType = sourcecode.swift; path = ViewController.swift; sourceTree = "<group>"; };
		EA3532221F8707040040AFAE /* Base */ = {isa = PBXFileReference; lastKnownFileType = file.storyboard; name = Base; path = Base.lproj/Main.storyboard; sourceTree = "<group>"; };
		EA3532241F8707040040AFAE /* Assets.xcassets */ = {isa = PBXFileReference; lastKnownFileType = folder.assetcatalog; path = Assets.xcassets; sourceTree = "<group>"; };
		EA3532271F8707040040AFAE /* Base */ = {isa = PBXFileReference; lastKnownFileType = file.storyboard; name = Base; path = Base.lproj/LaunchScreen.storyboard; sourceTree = "<group>"; };
		EA3532291F8707040040AFAE /* Info.plist */ = {isa = PBXFileReference; lastKnownFileType = text.plist.xml; path = Info.plist; sourceTree = "<group>"; };
		EA35322E1F8707040040AFAE /* MangiTests.xctest */ = {isa = PBXFileReference; explicitFileType = wrapper.cfbundle; includeInIndex = 0; path = MangiTests.xctest; sourceTree = BUILT_PRODUCTS_DIR; };
		EA3532321F8707040040AFAE /* MangiTests.swift */ = {isa = PBXFileReference; lastKnownFileType = sourcecode.swift; path = MangiTests.swift; sourceTree = "<group>"; };
		EA3532341F8707040040AFAE /* Info.plist */ = {isa = PBXFileReference; lastKnownFileType = text.plist.xml; path = Info.plist; sourceTree = "<group>"; };
		EA35323D1F8709850040AFAE /* MangiAPI.swift */ = {isa = PBXFileReference; fileEncoding = 4; lastKnownFileType = sourcecode.swift; name = MangiAPI.swift; path = Mangi/Networking/MangiAPI.swift; sourceTree = "<group>"; };
/* End PBXFileReference section */

/* Begin PBXFrameworksBuildPhase section */
		EA3532171F8707040040AFAE /* Frameworks */ = {
			isa = PBXFrameworksBuildPhase;
			buildActionMask = 2147483647;
			files = (
				46FC8DDB2B67BA1BC3591B34 /* Pods_Mangi.framework in Frameworks */,
			);
			runOnlyForDeploymentPostprocessing = 0;
		};
		EA35322B1F8707040040AFAE /* Frameworks */ = {
			isa = PBXFrameworksBuildPhase;
			buildActionMask = 2147483647;
			files = (
				1206C8A4D98578F5721004CD /* Pods_MangiTests.framework in Frameworks */,
			);
			runOnlyForDeploymentPostprocessing = 0;
		};
/* End PBXFrameworksBuildPhase section */

/* Begin PBXGroup section */
		570FBB8C4B16F3192AD5047F /* Frameworks */ = {
			isa = PBXGroup;
			children = (
				06FBDF934AB8476229F5CAD5 /* Pods_Mangi.framework */,
				BB9FE15E5076428582FF2BFA /* Pods_MangiTests.framework */,
			);
			name = Frameworks;
			sourceTree = "<group>";
		};
		9F2EC3033ED296999641DD39 /* Pods */ = {
			isa = PBXGroup;
			children = (
				C4F4014B69812BD907C41934 /* Pods-Mangi.debug.xcconfig */,
				935E5F47092187B76139E6F7 /* Pods-Mangi.release.xcconfig */,
				3B1BE426D180ACF5D4C34EF4 /* Pods-MangiTests.debug.xcconfig */,
				1FB0E4F5657FA6DC3F3396B5 /* Pods-MangiTests.release.xcconfig */,
			);
			name = Pods;
			sourceTree = "<group>";
		};
		EA3532111F8707040040AFAE = {
			isa = PBXGroup;
			children = (
				EA35323D1F8709850040AFAE /* MangiAPI.swift */,
				EA35321C1F8707040040AFAE /* Mangi */,
				EA3532311F8707040040AFAE /* MangiTests */,
				EA35321B1F8707040040AFAE /* Products */,
				9F2EC3033ED296999641DD39 /* Pods */,
				570FBB8C4B16F3192AD5047F /* Frameworks */,
			);
			sourceTree = "<group>";
		};
		EA35321B1F8707040040AFAE /* Products */ = {
			isa = PBXGroup;
			children = (
				EA35321A1F8707040040AFAE /* Mangi.app */,
				EA35322E1F8707040040AFAE /* MangiTests.xctest */,
			);
			name = Products;
			sourceTree = "<group>";
		};
		EA35321C1F8707040040AFAE /* Mangi */ = {
			isa = PBXGroup;
			children = (
				EA35321D1F8707040040AFAE /* AppDelegate.swift */,
				EA35321F1F8707040040AFAE /* ViewController.swift */,
				EA3532211F8707040040AFAE /* Main.storyboard */,
				EA3532241F8707040040AFAE /* Assets.xcassets */,
				EA3532261F8707040040AFAE /* LaunchScreen.storyboard */,
				EA3532291F8707040040AFAE /* Info.plist */,
			);
			path = Mangi;
			sourceTree = "<group>";
		};
		EA3532311F8707040040AFAE /* MangiTests */ = {
			isa = PBXGroup;
			children = (
				EA3532321F8707040040AFAE /* MangiTests.swift */,
				EA3532341F8707040040AFAE /* Info.plist */,
			);
			path = MangiTests;
			sourceTree = "<group>";
		};
/* End PBXGroup section */

/* Begin PBXNativeTarget section */
		EA3532191F8707040040AFAE /* Mangi */ = {
			isa = PBXNativeTarget;
			buildConfigurationList = EA3532371F8707040040AFAE /* Build configuration list for PBXNativeTarget "Mangi" */;
			buildPhases = (
				31E6CDBF0FE34FD6AE9C9972 /* [CP] Check Pods Manifest.lock */,
				EA3532161F8707040040AFAE /* Sources */,
				EA3532171F8707040040AFAE /* Frameworks */,
				EA3532181F8707040040AFAE /* Resources */,
				99AC664A52CF1BAC1DC752D8 /* [CP] Embed Pods Frameworks */,
				D002FC862C0573329F5C145A /* [CP] Copy Pods Resources */,
			);
			buildRules = (
			);
			dependencies = (
			);
			name = Mangi;
			productName = Mangi;
			productReference = EA35321A1F8707040040AFAE /* Mangi.app */;
			productType = "com.apple.product-type.application";
		};
		EA35322D1F8707040040AFAE /* MangiTests */ = {
			isa = PBXNativeTarget;
			buildConfigurationList = EA35323A1F8707040040AFAE /* Build configuration list for PBXNativeTarget "MangiTests" */;
			buildPhases = (
				7007C8D7D3EB55BA9B28E428 /* [CP] Check Pods Manifest.lock */,
				EA35322A1F8707040040AFAE /* Sources */,
				EA35322B1F8707040040AFAE /* Frameworks */,
				EA35322C1F8707040040AFAE /* Resources */,
				32B3F1650B512AD7D8E33B6B /* [CP] Embed Pods Frameworks */,
				8904B8A34D41F70A41B24901 /* [CP] Copy Pods Resources */,
			);
			buildRules = (
			);
			dependencies = (
				EA3532301F8707040040AFAE /* PBXTargetDependency */,
			);
			name = MangiTests;
			productName = MangiTests;
			productReference = EA35322E1F8707040040AFAE /* MangiTests.xctest */;
			productType = "com.apple.product-type.bundle.unit-test";
		};
/* End PBXNativeTarget section */

/* Begin PBXProject section */
		EA3532121F8707040040AFAE /* Project object */ = {
			isa = PBXProject;
			attributes = {
				LastSwiftUpdateCheck = 0810;
				LastUpgradeCheck = 0810;
				ORGANIZATIONNAME = marcowesome;
				TargetAttributes = {
					EA3532191F8707040040AFAE = {
						CreatedOnToolsVersion = 8.1;
						DevelopmentTeam = FW4C36F88N;
						ProvisioningStyle = Automatic;
					};
					EA35322D1F8707040040AFAE = {
						CreatedOnToolsVersion = 8.1;
						DevelopmentTeam = FW4C36F88N;
						ProvisioningStyle = Automatic;
						TestTargetID = EA3532191F8707040040AFAE;
					};
				};
			};
			buildConfigurationList = EA3532151F8707040040AFAE /* Build configuration list for PBXProject "Mangi" */;
			compatibilityVersion = "Xcode 3.2";
			developmentRegion = English;
			hasScannedForEncodings = 0;
			knownRegions = (
				en,
				Base,
			);
			mainGroup = EA3532111F8707040040AFAE;
			productRefGroup = EA35321B1F8707040040AFAE /* Products */;
			projectDirPath = "";
			projectRoot = "";
			targets = (
				EA3532191F8707040040AFAE /* Mangi */,
				EA35322D1F8707040040AFAE /* MangiTests */,
			);
		};
/* End PBXProject section */

/* Begin PBXResourcesBuildPhase section */
		EA3532181F8707040040AFAE /* Resources */ = {
			isa = PBXResourcesBuildPhase;
			buildActionMask = 2147483647;
			files = (
				EA3532281F8707040040AFAE /* LaunchScreen.storyboard in Resources */,
				EA3532251F8707040040AFAE /* Assets.xcassets in Resources */,
				EA3532231F8707040040AFAE /* Main.storyboard in Resources */,
			);
			runOnlyForDeploymentPostprocessing = 0;
		};
		EA35322C1F8707040040AFAE /* Resources */ = {
			isa = PBXResourcesBuildPhase;
			buildActionMask = 2147483647;
			files = (
			);
			runOnlyForDeploymentPostprocessing = 0;
		};
/* End PBXResourcesBuildPhase section */

/* Begin PBXShellScriptBuildPhase section */
		31E6CDBF0FE34FD6AE9C9972 /* [CP] Check Pods Manifest.lock */ = {
			isa = PBXShellScriptBuildPhase;
			buildActionMask = 2147483647;
			files = (
			);
			inputPaths = (
				"${PODS_PODFILE_DIR_PATH}/Podfile.lock",
				"${PODS_ROOT}/Manifest.lock",
			);
			name = "[CP] Check Pods Manifest.lock";
			outputPaths = (
				"$(DERIVED_FILE_DIR)/Pods-Mangi-checkManifestLockResult.txt",
			);
			runOnlyForDeploymentPostprocessing = 0;
			shellPath = /bin/sh;
			shellScript = "diff \"${PODS_PODFILE_DIR_PATH}/Podfile.lock\" \"${PODS_ROOT}/Manifest.lock\" > /dev/null\nif [ $? != 0 ] ; then\n    # print error to STDERR\n    echo \"error: The sandbox is not in sync with the Podfile.lock. Run 'pod install' or update your CocoaPods installation.\" >&2\n    exit 1\nfi\n# This output is used by Xcode 'outputs' to avoid re-running this script phase.\necho \"SUCCESS\" > \"${SCRIPT_OUTPUT_FILE_0}\"\n";
			showEnvVarsInLog = 0;
		};
		32B3F1650B512AD7D8E33B6B /* [CP] Embed Pods Frameworks */ = {
			isa = PBXShellScriptBuildPhase;
			buildActionMask = 2147483647;
			files = (
			);
			inputPaths = (
			);
			name = "[CP] Embed Pods Frameworks";
			outputPaths = (
			);
			runOnlyForDeploymentPostprocessing = 0;
			shellPath = /bin/sh;
			shellScript = "\"${SRCROOT}/Pods/Target Support Files/Pods-MangiTests/Pods-MangiTests-frameworks.sh\"\n";
			showEnvVarsInLog = 0;
		};
		7007C8D7D3EB55BA9B28E428 /* [CP] Check Pods Manifest.lock */ = {
			isa = PBXShellScriptBuildPhase;
			buildActionMask = 2147483647;
			files = (
			);
			inputPaths = (
				"${PODS_PODFILE_DIR_PATH}/Podfile.lock",
				"${PODS_ROOT}/Manifest.lock",
			);
			name = "[CP] Check Pods Manifest.lock";
			outputPaths = (
				"$(DERIVED_FILE_DIR)/Pods-MangiTests-checkManifestLockResult.txt",
			);
			runOnlyForDeploymentPostprocessing = 0;
			shellPath = /bin/sh;
			shellScript = "diff \"${PODS_PODFILE_DIR_PATH}/Podfile.lock\" \"${PODS_ROOT}/Manifest.lock\" > /dev/null\nif [ $? != 0 ] ; then\n    # print error to STDERR\n    echo \"error: The sandbox is not in sync with the Podfile.lock. Run 'pod install' or update your CocoaPods installation.\" >&2\n    exit 1\nfi\n# This output is used by Xcode 'outputs' to avoid re-running this script phase.\necho \"SUCCESS\" > \"${SCRIPT_OUTPUT_FILE_0}\"\n";
			showEnvVarsInLog = 0;
		};
		8904B8A34D41F70A41B24901 /* [CP] Copy Pods Resources */ = {
			isa = PBXShellScriptBuildPhase;
			buildActionMask = 2147483647;
			files = (
			);
			inputPaths = (
			);
			name = "[CP] Copy Pods Resources";
			outputPaths = (
			);
			runOnlyForDeploymentPostprocessing = 0;
			shellPath = /bin/sh;
			shellScript = "\"${SRCROOT}/Pods/Target Support Files/Pods-MangiTests/Pods-MangiTests-resources.sh\"\n";
			showEnvVarsInLog = 0;
		};
		99AC664A52CF1BAC1DC752D8 /* [CP] Embed Pods Frameworks */ = {
			isa = PBXShellScriptBuildPhase;
			buildActionMask = 2147483647;
			files = (
			);
			inputPaths = (
				"${SRCROOT}/Pods/Target Support Files/Pods-Mangi/Pods-Mangi-frameworks.sh",
				"${BUILT_PRODUCTS_DIR}/Alamofire/Alamofire.framework",
				"${BUILT_PRODUCTS_DIR}/IGListKit/IGListKit.framework",
				"${BUILT_PRODUCTS_DIR}/Moya/Moya.framework",
				"${BUILT_PRODUCTS_DIR}/Result/Result.framework",
				"${BUILT_PRODUCTS_DIR}/SwiftyJSON/SwiftyJSON.framework",
			);
			name = "[CP] Embed Pods Frameworks";
			outputPaths = (
				"${TARGET_BUILD_DIR}/${FRAMEWORKS_FOLDER_PATH}/Alamofire.framework",
				"${TARGET_BUILD_DIR}/${FRAMEWORKS_FOLDER_PATH}/IGListKit.framework",
				"${TARGET_BUILD_DIR}/${FRAMEWORKS_FOLDER_PATH}/Moya.framework",
				"${TARGET_BUILD_DIR}/${FRAMEWORKS_FOLDER_PATH}/Result.framework",
				"${TARGET_BUILD_DIR}/${FRAMEWORKS_FOLDER_PATH}/SwiftyJSON.framework",
			);
			runOnlyForDeploymentPostprocessing = 0;
			shellPath = /bin/sh;
			shellScript = "\"${SRCROOT}/Pods/Target Support Files/Pods-Mangi/Pods-Mangi-frameworks.sh\"\n";
			showEnvVarsInLog = 0;
		};
		D002FC862C0573329F5C145A /* [CP] Copy Pods Resources */ = {
			isa = PBXShellScriptBuildPhase;
			buildActionMask = 2147483647;
			files = (
			);
			inputPaths = (
			);
			name = "[CP] Copy Pods Resources";
			outputPaths = (
			);
			runOnlyForDeploymentPostprocessing = 0;
			shellPath = /bin/sh;
			shellScript = "\"${SRCROOT}/Pods/Target Support Files/Pods-Mangi/Pods-Mangi-resources.sh\"\n";
			showEnvVarsInLog = 0;
		};
/* End PBXShellScriptBuildPhase section */

/* Begin PBXSourcesBuildPhase section */
		EA3532161F8707040040AFAE /* Sources */ = {
			isa = PBXSourcesBuildPhase;
			buildActionMask = 2147483647;
			files = (
				EA3532201F8707040040AFAE /* ViewController.swift in Sources */,
				EA35321E1F8707040040AFAE /* AppDelegate.swift in Sources */,
				EA35323E1F8709850040AFAE /* MangiAPI.swift in Sources */,
			);
			runOnlyForDeploymentPostprocessing = 0;
		};
		EA35322A1F8707040040AFAE /* Sources */ = {
			isa = PBXSourcesBuildPhase;
			buildActionMask = 2147483647;
			files = (
				EA3532331F8707040040AFAE /* MangiTests.swift in Sources */,
			);
			runOnlyForDeploymentPostprocessing = 0;
		};
/* End PBXSourcesBuildPhase section */

/* Begin PBXTargetDependency section */
		EA3532301F8707040040AFAE /* PBXTargetDependency */ = {
			isa = PBXTargetDependency;
			target = EA3532191F8707040040AFAE /* Mangi */;
			targetProxy = EA35322F1F8707040040AFAE /* PBXContainerItemProxy */;
		};
/* End PBXTargetDependency section */

/* Begin PBXVariantGroup section */
		EA3532211F8707040040AFAE /* Main.storyboard */ = {
			isa = PBXVariantGroup;
			children = (
				EA3532221F8707040040AFAE /* Base */,
			);
			name = Main.storyboard;
			sourceTree = "<group>";
		};
		EA3532261F8707040040AFAE /* LaunchScreen.storyboard */ = {
			isa = PBXVariantGroup;
			children = (
				EA3532271F8707040040AFAE /* Base */,
			);
			name = LaunchScreen.storyboard;
			sourceTree = "<group>";
		};
/* End PBXVariantGroup section */

/* Begin XCBuildConfiguration section */
		EA3532351F8707040040AFAE /* Debug */ = {
			isa = XCBuildConfiguration;
			buildSettings = {
				ALWAYS_SEARCH_USER_PATHS = NO;
				CLANG_ANALYZER_NONNULL = YES;
				CLANG_CXX_LANGUAGE_STANDARD = "gnu++0x";
				CLANG_CXX_LIBRARY = "libc++";
				CLANG_ENABLE_MODULES = YES;
				CLANG_ENABLE_OBJC_ARC = YES;
				CLANG_WARN_BOOL_CONVERSION = YES;
				CLANG_WARN_CONSTANT_CONVERSION = YES;
				CLANG_WARN_DIRECT_OBJC_ISA_USAGE = YES_ERROR;
				CLANG_WARN_DOCUMENTATION_COMMENTS = YES;
				CLANG_WARN_EMPTY_BODY = YES;
				CLANG_WARN_ENUM_CONVERSION = YES;
				CLANG_WARN_INFINITE_RECURSION = YES;
				CLANG_WARN_INT_CONVERSION = YES;
				CLANG_WARN_OBJC_ROOT_CLASS = YES_ERROR;
				CLANG_WARN_SUSPICIOUS_MOVES = YES;
				CLANG_WARN_UNREACHABLE_CODE = YES;
				CLANG_WARN__DUPLICATE_METHOD_MATCH = YES;
				"CODE_SIGN_IDENTITY[sdk=iphoneos*]" = "iPhone Developer";
				COPY_PHASE_STRIP = NO;
				DEBUG_INFORMATION_FORMAT = dwarf;
				ENABLE_STRICT_OBJC_MSGSEND = YES;
				ENABLE_TESTABILITY = YES;
				GCC_C_LANGUAGE_STANDARD = gnu99;
				GCC_DYNAMIC_NO_PIC = NO;
				GCC_NO_COMMON_BLOCKS = YES;
				GCC_OPTIMIZATION_LEVEL = 0;
				GCC_PREPROCESSOR_DEFINITIONS = (
					"DEBUG=1",
					"$(inherited)",
				);
				GCC_WARN_64_TO_32_BIT_CONVERSION = YES;
				GCC_WARN_ABOUT_RETURN_TYPE = YES_ERROR;
				GCC_WARN_UNDECLARED_SELECTOR = YES;
				GCC_WARN_UNINITIALIZED_AUTOS = YES_AGGRESSIVE;
				GCC_WARN_UNUSED_FUNCTION = YES;
				GCC_WARN_UNUSED_VARIABLE = YES;
				IPHONEOS_DEPLOYMENT_TARGET = 10.1;
				MTL_ENABLE_DEBUG_INFO = YES;
				ONLY_ACTIVE_ARCH = YES;
				SDKROOT = iphoneos;
				SWIFT_ACTIVE_COMPILATION_CONDITIONS = DEBUG;
				SWIFT_OPTIMIZATION_LEVEL = "-Onone";
				TARGETED_DEVICE_FAMILY = "1,2";
			};
			name = Debug;
		};
		EA3532361F8707040040AFAE /* Release */ = {
			isa = XCBuildConfiguration;
			buildSettings = {
				ALWAYS_SEARCH_USER_PATHS = NO;
				CLANG_ANALYZER_NONNULL = YES;
				CLANG_CXX_LANGUAGE_STANDARD = "gnu++0x";
				CLANG_CXX_LIBRARY = "libc++";
				CLANG_ENABLE_MODULES = YES;
				CLANG_ENABLE_OBJC_ARC = YES;
				CLANG_WARN_BOOL_CONVERSION = YES;
				CLANG_WARN_CONSTANT_CONVERSION = YES;
				CLANG_WARN_DIRECT_OBJC_ISA_USAGE = YES_ERROR;
				CLANG_WARN_DOCUMENTATION_COMMENTS = YES;
				CLANG_WARN_EMPTY_BODY = YES;
				CLANG_WARN_ENUM_CONVERSION = YES;
				CLANG_WARN_INFINITE_RECURSION = YES;
				CLANG_WARN_INT_CONVERSION = YES;
				CLANG_WARN_OBJC_ROOT_CLASS = YES_ERROR;
				CLANG_WARN_SUSPICIOUS_MOVES = YES;
				CLANG_WARN_UNREACHABLE_CODE = YES;
				CLANG_WARN__DUPLICATE_METHOD_MATCH = YES;
				"CODE_SIGN_IDENTITY[sdk=iphoneos*]" = "iPhone Developer";
				COPY_PHASE_STRIP = NO;
				DEBUG_INFORMATION_FORMAT = "dwarf-with-dsym";
				ENABLE_NS_ASSERTIONS = NO;
				ENABLE_STRICT_OBJC_MSGSEND = YES;
				GCC_C_LANGUAGE_STANDARD = gnu99;
				GCC_NO_COMMON_BLOCKS = YES;
				GCC_WARN_64_TO_32_BIT_CONVERSION = YES;
				GCC_WARN_ABOUT_RETURN_TYPE = YES_ERROR;
				GCC_WARN_UNDECLARED_SELECTOR = YES;
				GCC_WARN_UNINITIALIZED_AUTOS = YES_AGGRESSIVE;
				GCC_WARN_UNUSED_FUNCTION = YES;
				GCC_WARN_UNUSED_VARIABLE = YES;
				IPHONEOS_DEPLOYMENT_TARGET = 10.1;
				MTL_ENABLE_DEBUG_INFO = NO;
				SDKROOT = iphoneos;
				SWIFT_OPTIMIZATION_LEVEL = "-Owholemodule";
				TARGETED_DEVICE_FAMILY = "1,2";
				VALIDATE_PRODUCT = YES;
			};
			name = Release;
		};
		EA3532381F8707040040AFAE /* Debug */ = {
			isa = XCBuildConfiguration;
			baseConfigurationReference = C4F4014B69812BD907C41934 /* Pods-Mangi.debug.xcconfig */;
			buildSettings = {
				ASSETCATALOG_COMPILER_APPICON_NAME = AppIcon;
				DEVELOPMENT_TEAM = FW4C36F88N;
				INFOPLIST_FILE = Mangi/Info.plist;
				LD_RUNPATH_SEARCH_PATHS = "$(inherited) @executable_path/Frameworks";
				PRODUCT_BUNDLE_IDENTIFIER = com.marcowesome.Mangi;
				PRODUCT_NAME = "$(TARGET_NAME)";
				SWIFT_VERSION = 3.0;
			};
			name = Debug;
		};
		EA3532391F8707040040AFAE /* Release */ = {
			isa = XCBuildConfiguration;
			baseConfigurationReference = 935E5F47092187B76139E6F7 /* Pods-Mangi.release.xcconfig */;
			buildSettings = {
				ASSETCATALOG_COMPILER_APPICON_NAME = AppIcon;
				DEVELOPMENT_TEAM = FW4C36F88N;
				INFOPLIST_FILE = Mangi/Info.plist;
				LD_RUNPATH_SEARCH_PATHS = "$(inherited) @executable_path/Frameworks";
				PRODUCT_BUNDLE_IDENTIFIER = com.marcowesome.Mangi;
				PRODUCT_NAME = "$(TARGET_NAME)";
				SWIFT_VERSION = 3.0;
			};
			name = Release;
		};
		EA35323B1F8707040040AFAE /* Debug */ = {
			isa = XCBuildConfiguration;
			baseConfigurationReference = 3B1BE426D180ACF5D4C34EF4 /* Pods-MangiTests.debug.xcconfig */;
			buildSettings = {
				ALWAYS_EMBED_SWIFT_STANDARD_LIBRARIES = YES;
				BUNDLE_LOADER = "$(TEST_HOST)";
				DEVELOPMENT_TEAM = FW4C36F88N;
				INFOPLIST_FILE = MangiTests/Info.plist;
				LD_RUNPATH_SEARCH_PATHS = "$(inherited) @executable_path/Frameworks @loader_path/Frameworks";
				PRODUCT_BUNDLE_IDENTIFIER = com.marcowesome.MangiTests;
				PRODUCT_NAME = "$(TARGET_NAME)";
				SWIFT_VERSION = 3.0;
				TEST_HOST = "$(BUILT_PRODUCTS_DIR)/Mangi.app/Mangi";
			};
			name = Debug;
		};
		EA35323C1F8707040040AFAE /* Release */ = {
			isa = XCBuildConfiguration;
			baseConfigurationReference = 1FB0E4F5657FA6DC3F3396B5 /* Pods-MangiTests.release.xcconfig */;
			buildSettings = {
				ALWAYS_EMBED_SWIFT_STANDARD_LIBRARIES = YES;
				BUNDLE_LOADER = "$(TEST_HOST)";
				DEVELOPMENT_TEAM = FW4C36F88N;
				INFOPLIST_FILE = MangiTests/Info.plist;
				LD_RUNPATH_SEARCH_PATHS = "$(inherited) @executable_path/Frameworks @loader_path/Frameworks";
				PRODUCT_BUNDLE_IDENTIFIER = com.marcowesome.MangiTests;
				PRODUCT_NAME = "$(TARGET_NAME)";
				SWIFT_VERSION = 3.0;
				TEST_HOST = "$(BUILT_PRODUCTS_DIR)/Mangi.app/Mangi";
			};
			name = Release;
		};
/* End XCBuildConfiguration section */

/* Begin XCConfigurationList section */
		EA3532151F8707040040AFAE /* Build configuration list for PBXProject "Mangi" */ = {
			isa = XCConfigurationList;
			buildConfigurations = (
				EA3532351F8707040040AFAE /* Debug */,
				EA3532361F8707040040AFAE /* Release */,
			);
			defaultConfigurationIsVisible = 0;
			defaultConfigurationName = Release;
		};
		EA3532371F8707040040AFAE /* Build configuration list for PBXNativeTarget "Mangi" */ = {
			isa = XCConfigurationList;
			buildConfigurations = (
				EA3532381F8707040040AFAE /* Debug */,
				EA3532391F8707040040AFAE /* Release */,
			);
			defaultConfigurationIsVisible = 0;
			defaultConfigurationName = Release;
		};
		EA35323A1F8707040040AFAE /* Build configuration list for PBXNativeTarget "MangiTests" */ = {
			isa = XCConfigurationList;
			buildConfigurations = (
				EA35323B1F8707040040AFAE /* Debug */,
				EA35323C1F8707040040AFAE /* Release */,
			);
			defaultConfigurationIsVisible = 0;
			defaultConfigurationName = Release;
		};
/* End XCConfigurationList section */
	};
	rootObject = EA3532121F8707040040AFAE /* Project object */;
}
